
Microsoft Visual Studio Solution File, Format Version 12.00
# Visual Studio Version 17
VisualStudioVersion = 17.4.33213.308
MinimumVisualStudioVersion = 10.0.40219.1
Project("{E53339B2-1760-4266-BCC7-CA923CBCF16C}") = "docker-compose", "docker-compose.dcproj", "{A6B2C0AA-E48E-4299-A307-B91D71F7C6C7}"
EndProject
Project("{9A19103F-16F7-4668-BE54-9A1E7A4F7556}") = "ProductsMicroservice", "ProductsMicroservice\ProductsMicroservice.csproj", "{011C2958-6ED1-4962-A984-78EE1763CD3B}"
EndProject
Project("{9A19103F-16F7-4668-BE54-9A1E7A4F7556}") = "UserMicroservice", "UserMicroservice\UserMicroservice.csproj", "{FD36A491-2464-47D5-AD19-3EE42C011A42}"
EndProject
Project("{9A19103F-16F7-4668-BE54-9A1E7A4F7556}") = "PaymentsMicroservice", "PaymentsMicroservice\PaymentsMicroservice.csproj", "{09720579-47FB-47E1-A368-C9C8EE48D8FF}"
EndProject
Project("{9A19103F-16F7-4668-BE54-9A1E7A4F7556}") = "OrdersMicroservice", "OrdersMicroservice\OrdersMicroservice.csproj", "{1496F470-ED2A-409F-8F27-699BE743FF3A}"
EndProject
Project("{9A19103F-16F7-4668-BE54-9A1E7A4F7556}") = "ShoppingCartMicroservice", "ShoppingCartMicroservice\ShoppingCartMicroservice.csproj", "{24AEA7CA-2C87-4386-A736-D6B4A0E72C13}"
EndProject
Project("{9A19103F-16F7-4668-BE54-9A1E7A4F7556}") = "LocationMicroservice", "LocationMicroservice\LocationMicroservice.csproj", "{CFDC2027-C000-451F-93E5-0AF0AF93709B}"
EndProject
Project("{9A19103F-16F7-4668-BE54-9A1E7A4F7556}") = "SharedResources", "SharedResources\SharedResources.csproj", "{ED3D7587-ECE2-41CB-8CA0-B73E6F258122}"
EndProject
Project("{9A19103F-16F7-4668-BE54-9A1E7A4F7556}") = "ChatbotMicroservice", "ChatbotMicroservice\ChatbotMicroservice.csproj", "{D570E166-ECB5-4BF2-B67B-A198CE566CAD}"
EndProject
Project("{2150E333-8FDC-42A3-9474-1A3956D46DE8}") = "Microservices", "Microservices", "{F2C05D7D-D4D3-49E7-BC19-6C1D318D1AA9}"
EndProject
Project("{2150E333-8FDC-42A3-9474-1A3956D46DE8}") = "Resources", "Resources", "{5534E2D7-FC67-42C6-8190-DCD056547F7C}"
EndProject
Project("{2150E333-8FDC-42A3-9474-1A3956D46DE8}") = "Docker", "Docker", "{98C98DCF-0009-4E37-87C8-137FB54AEA35}"
EndProject
Global
	GlobalSection(SolutionConfigurationPlatforms) = preSolution
		Debug|Any CPU = Debug|Any CPU
		Release|Any CPU = Release|Any CPU
	EndGlobalSection
	GlobalSection(ProjectConfigurationPlatforms) = postSolution
		{A6B2C0AA-E48E-4299-A307-B91D71F7C6C7}.Debug|Any CPU.ActiveCfg = Debug|Any CPU
		{A6B2C0AA-E48E-4299-A307-B91D71F7C6C7}.Debug|Any CPU.Build.0 = Debug|Any CPU
		{A6B2C0AA-E48E-4299-A307-B91D71F7C6C7}.Release|Any CPU.ActiveCfg = Release|Any CPU
		{A6B2C0AA-E48E-4299-A307-B91D71F7C6C7}.Release|Any CPU.Build.0 = Release|Any CPU
		{011C2958-6ED1-4962-A984-78EE1763CD3B}.Debug|Any CPU.ActiveCfg = Debug|Any CPU
		{011C2958-6ED1-4962-A984-78EE1763CD3B}.Debug|Any CPU.Build.0 = Debug|Any CPU
		{011C2958-6ED1-4962-A984-78EE1763CD3B}.Release|Any CPU.ActiveCfg = Release|Any CPU
		{011C2958-6ED1-4962-A984-78EE1763CD3B}.Release|Any CPU.Build.0 = Release|Any CPU
		{FD36A491-2464-47D5-AD19-3EE42C011A42}.Debug|Any CPU.ActiveCfg = Debug|Any CPU
		{FD36A491-2464-47D5-AD19-3EE42C011A42}.Debug|Any CPU.Build.0 = Debug|Any CPU
		{FD36A491-2464-47D5-AD19-3EE42C011A42}.Release|Any CPU.ActiveCfg = Release|Any CPU
		{FD36A491-2464-47D5-AD19-3EE42C011A42}.Release|Any CPU.Build.0 = Release|Any CPU
		{09720579-47FB-47E1-A368-C9C8EE48D8FF}.Debug|Any CPU.ActiveCfg = Debug|Any CPU
		{09720579-47FB-47E1-A368-C9C8EE48D8FF}.Debug|Any CPU.Build.0 = Debug|Any CPU
		{09720579-47FB-47E1-A368-C9C8EE48D8FF}.Release|Any CPU.ActiveCfg = Release|Any CPU
		{09720579-47FB-47E1-A368-C9C8EE48D8FF}.Release|Any CPU.Build.0 = Release|Any CPU
		{1496F470-ED2A-409F-8F27-699BE743FF3A}.Debug|Any CPU.ActiveCfg = Debug|Any CPU
		{1496F470-ED2A-409F-8F27-699BE743FF3A}.Debug|Any CPU.Build.0 = Debug|Any CPU
		{1496F470-ED2A-409F-8F27-699BE743FF3A}.Release|Any CPU.ActiveCfg = Release|Any CPU
		{1496F470-ED2A-409F-8F27-699BE743FF3A}.Release|Any CPU.Build.0 = Release|Any CPU
		{24AEA7CA-2C87-4386-A736-D6B4A0E72C13}.Debug|Any CPU.ActiveCfg = Debug|Any CPU
		{24AEA7CA-2C87-4386-A736-D6B4A0E72C13}.Debug|Any CPU.Build.0 = Debug|Any CPU
		{24AEA7CA-2C87-4386-A736-D6B4A0E72C13}.Release|Any CPU.ActiveCfg = Release|Any CPU
		{24AEA7CA-2C87-4386-A736-D6B4A0E72C13}.Release|Any CPU.Build.0 = Release|Any CPU
		{CFDC2027-C000-451F-93E5-0AF0AF93709B}.Debug|Any CPU.ActiveCfg = Debug|Any CPU
		{CFDC2027-C000-451F-93E5-0AF0AF93709B}.Debug|Any CPU.Build.0 = Debug|Any CPU
		{CFDC2027-C000-451F-93E5-0AF0AF93709B}.Release|Any CPU.ActiveCfg = Release|Any CPU
		{CFDC2027-C000-451F-93E5-0AF0AF93709B}.Release|Any CPU.Build.0 = Release|Any CPU
		{ED3D7587-ECE2-41CB-8CA0-B73E6F258122}.Debug|Any CPU.ActiveCfg = Debug|Any CPU
		{ED3D7587-ECE2-41CB-8CA0-B73E6F258122}.Debug|Any CPU.Build.0 = Debug|Any CPU
		{ED3D7587-ECE2-41CB-8CA0-B73E6F258122}.Release|Any CPU.ActiveCfg = Release|Any CPU
		{ED3D7587-ECE2-41CB-8CA0-B73E6F258122}.Release|Any CPU.Build.0 = Release|Any CPU
		{D570E166-ECB5-4BF2-B67B-A198CE566CAD}.Debug|Any CPU.ActiveCfg = Debug|Any CPU
		{D570E166-ECB5-4BF2-B67B-A198CE566CAD}.Debug|Any CPU.Build.0 = Debug|Any CPU
		{D570E166-ECB5-4BF2-B67B-A198CE566CAD}.Release|Any CPU.ActiveCfg = Release|Any CPU
		{D570E166-ECB5-4BF2-B67B-A198CE566CAD}.Release|Any CPU.Build.0 = Release|Any CPU
	EndGlobalSection
	GlobalSection(SolutionProperties) = preSolution
		HideSolutionNode = FALSE
	EndGlobalSection
	GlobalSection(NestedProjects) = preSolution
		{A6B2C0AA-E48E-4299-A307-B91D71F7C6C7} = {98C98DCF-0009-4E37-87C8-137FB54AEA35}
		{011C2958-6ED1-4962-A984-78EE1763CD3B} = {F2C05D7D-D4D3-49E7-BC19-6C1D318D1AA9}
		{FD36A491-2464-47D5-AD19-3EE42C011A42} = {F2C05D7D-D4D3-49E7-BC19-6C1D318D1AA9}
		{09720579-47FB-47E1-A368-C9C8EE48D8FF} = {F2C05D7D-D4D3-49E7-BC19-6C1D318D1AA9}
		{1496F470-ED2A-409F-8F27-699BE743FF3A} = {F2C05D7D-D4D3-49E7-BC19-6C1D318D1AA9}
		{24AEA7CA-2C87-4386-A736-D6B4A0E72C13} = {F2C05D7D-D4D3-49E7-BC19-6C1D318D1AA9}
		{CFDC2027-C000-451F-93E5-0AF0AF93709B} = {F2C05D7D-D4D3-49E7-BC19-6C1D318D1AA9}
		{ED3D7587-ECE2-41CB-8CA0-B73E6F258122} = {5534E2D7-FC67-42C6-8190-DCD056547F7C}
		{D570E166-ECB5-4BF2-B67B-A198CE566CAD} = {F2C05D7D-D4D3-49E7-BC19-6C1D318D1AA9}
	EndGlobalSection
	GlobalSection(ExtensibilityGlobals) = postSolution
		SolutionGuid = {D3DF028E-84FC-4F8C-ABAA-2F2D17A65AC0}
	EndGlobalSection
EndGlobal
