
Microsoft Visual Studio Solution File, Format Version 12.00
# Visual Studio Version 17
VisualStudioVersion = 17.4.33213.308
MinimumVisualStudioVersion = 10.0.40219.1
Project("{E24C65DC-7377-472B-9ABA-BC803B73C61A}") = "client", "client\", "{AE20642D-3AC3-4E22-B4BA-72B4E6985BA8}"
	ProjectSection(WebsiteProperties) = preProject
		TargetFrameworkMoniker = ".NETFramework,Version%3Dv4.8"
		Debug.AspNetCompiler.VirtualPath = "/localhost_62725"
		Debug.AspNetCompiler.PhysicalPath = "Client\"
		Debug.AspNetCompiler.TargetPath = "PrecompiledWeb\localhost_62725\"
		Debug.AspNetCompiler.Updateable = "true"
		Debug.AspNetCompiler.ForceOverwrite = "true"
		Debug.AspNetCompiler.FixedNames = "false"
		Debug.AspNetCompiler.Debug = "True"
		Release.AspNetCompiler.VirtualPath = "/localhost_62725"
		Release.AspNetCompiler.PhysicalPath = "Client\"
		Release.AspNetCompiler.TargetPath = "PrecompiledWeb\localhost_62725\"
		Release.AspNetCompiler.Updateable = "true"
		Release.AspNetCompiler.ForceOverwrite = "true"
		Release.AspNetCompiler.FixedNames = "false"
		Release.AspNetCompiler.Debug = "False"
		VWDPort = "62725"
		SlnRelativePath = "Client\"
	EndProjectSection
EndProject
Project("{E53339B2-1760-4266-BCC7-CA923CBCF16C}") = "docker-compose", "docker-compose.dcproj", "{A6B2C0AA-E48E-4299-A307-B91D71F7C6C7}"
EndProject
Project("{9A19103F-16F7-4668-BE54-9A1E7A4F7556}") = "ProductsMicroservice", "ProductsMicroservice\ProductsMicroservice.csproj", "{011C2958-6ED1-4962-A984-78EE1763CD3B}"
EndProject
Project("{9A19103F-16F7-4668-BE54-9A1E7A4F7556}") = "UserMicroservice", "UserMicroservice\UserMicroservice.csproj", "{FD36A491-2464-47D5-AD19-3EE42C011A42}"
EndProject
Project("{9A19103F-16F7-4668-BE54-9A1E7A4F7556}") = "PaymentsMicroservice", "PaymentsMicroservice\PaymentsMicroservice.csproj", "{09720579-47FB-47E1-A368-C9C8EE48D8FF}"
EndProject
Project("{FAE04EC0-301F-11D3-BF4B-00C04F79EFBC}") = "OrdersMicroservice", "OrdersMicroservice\OrdersMicroservice.csproj", "{1496F470-ED2A-409F-8F27-699BE743FF3A}"
EndProject
Project("{FAE04EC0-301F-11D3-BF4B-00C04F79EFBC}") = "ShoppingCartMicroservice", "ShoppingCartMicroservice\ShoppingCartMicroservice.csproj", "{24AEA7CA-2C87-4386-A736-D6B4A0E72C13}"
EndProject
Project("{FAE04EC0-301F-11D3-BF4B-00C04F79EFBC}") = "LocationMicroservice", "LocationMicroservice\LocationMicroservice.csproj", "{CFDC2027-C000-451F-93E5-0AF0AF93709B}"
EndProject
Global
	GlobalSection(SolutionConfigurationPlatforms) = preSolution
		Debug|Any CPU = Debug|Any CPU
		Release|Any CPU = Release|Any CPU
	EndGlobalSection
	GlobalSection(ProjectConfigurationPlatforms) = postSolution
		{AE20642D-3AC3-4E22-B4BA-72B4E6985BA8}.Debug|Any CPU.ActiveCfg = Debug|Any CPU
		{AE20642D-3AC3-4E22-B4BA-72B4E6985BA8}.Debug|Any CPU.Build.0 = Debug|Any CPU
		{AE20642D-3AC3-4E22-B4BA-72B4E6985BA8}.Release|Any CPU.ActiveCfg = Debug|Any CPU
		{AE20642D-3AC3-4E22-B4BA-72B4E6985BA8}.Release|Any CPU.Build.0 = Debug|Any CPU
		{A6B2C0AA-E48E-4299-A307-B91D71F7C6C7}.Debug|Any CPU.ActiveCfg = Debug|Any CPU
		{A6B2C0AA-E48E-4299-A307-B91D71F7C6C7}.Debug|Any CPU.Build.0 = Debug|Any CPU
		{A6B2C0AA-E48E-4299-A307-B91D71F7C6C7}.Release|Any CPU.ActiveCfg = Release|Any CPU
		{A6B2C0AA-E48E-4299-A307-B91D71F7C6C7}.Release|Any CPU.Build.0 = Release|Any CPU
		{011C2958-6ED1-4962-A984-78EE1763CD3B}.Debug|Any CPU.ActiveCfg = Debug|Any CPU
		{011C2958-6ED1-4962-A984-78EE1763CD3B}.Debug|Any CPU.Build.0 = Debug|Any CPU
		{011C2958-6ED1-4962-A984-78EE1763CD3B}.Release|Any CPU.ActiveCfg = Release|Any CPU
		{011C2958-6ED1-4962-A984-78EE1763CD3B}.Release|Any CPU.Build.0 = Release|Any CPU
		{FD36A491-2464-47D5-AD19-3EE42C011A42}.Debug|Any CPU.ActiveCfg = Debug|Any CPU
		{FD36A491-2464-47D5-AD19-3EE42C011A42}.Debug|Any CPU.Build.0 = Debug|Any CPU
		{FD36A491-2464-47D5-AD19-3EE42C011A42}.Release|Any CPU.ActiveCfg = Release|Any CPU
		{FD36A491-2464-47D5-AD19-3EE42C011A42}.Release|Any CPU.Build.0 = Release|Any CPU
		{09720579-47FB-47E1-A368-C9C8EE48D8FF}.Debug|Any CPU.ActiveCfg = Debug|Any CPU
		{09720579-47FB-47E1-A368-C9C8EE48D8FF}.Debug|Any CPU.Build.0 = Debug|Any CPU
		{09720579-47FB-47E1-A368-C9C8EE48D8FF}.Release|Any CPU.ActiveCfg = Release|Any CPU
		{09720579-47FB-47E1-A368-C9C8EE48D8FF}.Release|Any CPU.Build.0 = Release|Any CPU
		{1496F470-ED2A-409F-8F27-699BE743FF3A}.Debug|Any CPU.ActiveCfg = Debug|Any CPU
		{1496F470-ED2A-409F-8F27-699BE743FF3A}.Debug|Any CPU.Build.0 = Debug|Any CPU
		{1496F470-ED2A-409F-8F27-699BE743FF3A}.Release|Any CPU.ActiveCfg = Release|Any CPU
		{1496F470-ED2A-409F-8F27-699BE743FF3A}.Release|Any CPU.Build.0 = Release|Any CPU
		{24AEA7CA-2C87-4386-A736-D6B4A0E72C13}.Debug|Any CPU.ActiveCfg = Debug|Any CPU
		{24AEA7CA-2C87-4386-A736-D6B4A0E72C13}.Debug|Any CPU.Build.0 = Debug|Any CPU
		{24AEA7CA-2C87-4386-A736-D6B4A0E72C13}.Release|Any CPU.ActiveCfg = Release|Any CPU
		{24AEA7CA-2C87-4386-A736-D6B4A0E72C13}.Release|Any CPU.Build.0 = Release|Any CPU
		{CFDC2027-C000-451F-93E5-0AF0AF93709B}.Debug|Any CPU.ActiveCfg = Debug|Any CPU
		{CFDC2027-C000-451F-93E5-0AF0AF93709B}.Debug|Any CPU.Build.0 = Debug|Any CPU
		{CFDC2027-C000-451F-93E5-0AF0AF93709B}.Release|Any CPU.ActiveCfg = Release|Any CPU
		{CFDC2027-C000-451F-93E5-0AF0AF93709B}.Release|Any CPU.Build.0 = Release|Any CPU
	EndGlobalSection
	GlobalSection(SolutionProperties) = preSolution
		HideSolutionNode = FALSE
	EndGlobalSection
	GlobalSection(ExtensibilityGlobals) = postSolution
		SolutionGuid = {D3DF028E-84FC-4F8C-ABAA-2F2D17A65AC0}
	EndGlobalSection
EndGlobal
